
Microsoft Visual Studio Solution File, Format Version 12.00
# Visual Studio 14
VisualStudioVersion = 14.0.25420.1
MinimumVisualStudioVersion = 10.0.40219.1
Project("{FAE04EC0-301F-11D3-BF4B-00C04F79EFBC}") = "WEB", "UsersAndAwards\WEB.csproj", "{3A6B6F4B-F414-4A16-8BCF-A78DFB02F12B}"
EndProject
Project("{2150E333-8FDC-42A3-9474-1A3956D46DE8}") = "PL", "PL", "{5CFEC933-F139-49D1-8AF9-8445DC2495A7}"
EndProject
Project("{2150E333-8FDC-42A3-9474-1A3956D46DE8}") = "BLL", "BLL", "{44014074-1A5A-449B-AC6F-097A94A40E42}"
EndProject
Project("{2150E333-8FDC-42A3-9474-1A3956D46DE8}") = "DAL", "DAL", "{3EFE689E-C41F-4DF5-920C-0E6281CBBEAA}"
EndProject
Project("{2150E333-8FDC-42A3-9474-1A3956D46DE8}") = "Entities", "Entities", "{4C777A61-354C-416F-AA8F-5D7CACE3B582}"
EndProject
Project("{2150E333-8FDC-42A3-9474-1A3956D46DE8}") = "Interfaceses", "Interfaceses", "{245E8668-D7A7-4DF6-B9B8-3D3B5BECE924}"
EndProject
Project("{FAE04EC0-301F-11D3-BF4B-00C04F79EFBC}") = "[EPAM]UsersAndAwards.Entities", "[EPAM]UsersAndAwards.Entities\[EPAM]UsersAndAwards.Entities.csproj", "{ECC1D1FE-0CF4-4A92-9A86-CB9DC5B40A7C}"
EndProject
Project("{FAE04EC0-301F-11D3-BF4B-00C04F79EFBC}") = "[EPAM]UsersAndAwards.Interfaceses.BLL", "[EPAM]UsersAndAwards.Interfaceses.BLL\[EPAM]UsersAndAwards.Interfaceses.BLL.csproj", "{CA1959CE-6A1D-4BC2-A697-666696ADD306}"
EndProject
Project("{FAE04EC0-301F-11D3-BF4B-00C04F79EFBC}") = "[EPAM]UsersAndAwards.Interfaceses.DAL", "[EPAM]UsersAndAwards.Interfaceses.DAL\[EPAM]UsersAndAwards.Interfaceses.DAL.csproj", "{D1765EBC-1F78-4AD8-BB61-BC39F89C19BB}"
EndProject
Project("{FAE04EC0-301F-11D3-BF4B-00C04F79EFBC}") = "[EPAM]UsersAndAwards.DAL.DB", "[EPAM]UsersAndAwards.DAL.DB\[EPAM]UsersAndAwards.DAL.DB.csproj", "{A2F26074-AB2D-4C5D-900E-A0F2010C1537}"
EndProject
Project("{FAE04EC0-301F-11D3-BF4B-00C04F79EFBC}") = "[EPAM]UserAndAwards.BLL.AwardSysLogic", "[EPAM]UserAndAwards.BLL.AwardSysLogic\[EPAM]UserAndAwards.BLL.AwardSysLogic.csproj", "{6F7DA523-A6D5-4801-B0D8-03D8A794BFFD}"
EndProject
Project("{2150E333-8FDC-42A3-9474-1A3956D46DE8}") = "Common", "Common", "{CE491509-5ECA-4684-9EF2-6540E34EC34D}"
EndProject
Project("{FAE04EC0-301F-11D3-BF4B-00C04F79EFBC}") = "UaANinjectConfig", "UaANinjectConfig\UaANinjectConfig.csproj", "{691E8DAE-9EE4-4529-A19E-BAC9002B45DA}"
EndProject
Project("{FAE04EC0-301F-11D3-BF4B-00C04F79EFBC}") = "WEBforRouting", "WEBforRouting\WEBforRouting.csproj", "{C82C08D4-C8AB-441F-8449-F63D4D1D4251}"
EndProject
Global
	GlobalSection(SolutionConfigurationPlatforms) = preSolution
		Debug|Any CPU = Debug|Any CPU
		Release|Any CPU = Release|Any CPU
	EndGlobalSection
	GlobalSection(ProjectConfigurationPlatforms) = postSolution
		{3A6B6F4B-F414-4A16-8BCF-A78DFB02F12B}.Debug|Any CPU.ActiveCfg = Debug|Any CPU
		{3A6B6F4B-F414-4A16-8BCF-A78DFB02F12B}.Debug|Any CPU.Build.0 = Debug|Any CPU
		{3A6B6F4B-F414-4A16-8BCF-A78DFB02F12B}.Release|Any CPU.ActiveCfg = Release|Any CPU
		{3A6B6F4B-F414-4A16-8BCF-A78DFB02F12B}.Release|Any CPU.Build.0 = Release|Any CPU
		{ECC1D1FE-0CF4-4A92-9A86-CB9DC5B40A7C}.Debug|Any CPU.ActiveCfg = Debug|Any CPU
		{ECC1D1FE-0CF4-4A92-9A86-CB9DC5B40A7C}.Debug|Any CPU.Build.0 = Debug|Any CPU
		{ECC1D1FE-0CF4-4A92-9A86-CB9DC5B40A7C}.Release|Any CPU.ActiveCfg = Release|Any CPU
		{ECC1D1FE-0CF4-4A92-9A86-CB9DC5B40A7C}.Release|Any CPU.Build.0 = Release|Any CPU
		{CA1959CE-6A1D-4BC2-A697-666696ADD306}.Debug|Any CPU.ActiveCfg = Debug|Any CPU
		{CA1959CE-6A1D-4BC2-A697-666696ADD306}.Debug|Any CPU.Build.0 = Debug|Any CPU
		{CA1959CE-6A1D-4BC2-A697-666696ADD306}.Release|Any CPU.ActiveCfg = Release|Any CPU
		{CA1959CE-6A1D-4BC2-A697-666696ADD306}.Release|Any CPU.Build.0 = Release|Any CPU
		{D1765EBC-1F78-4AD8-BB61-BC39F89C19BB}.Debug|Any CPU.ActiveCfg = Debug|Any CPU
		{D1765EBC-1F78-4AD8-BB61-BC39F89C19BB}.Debug|Any CPU.Build.0 = Debug|Any CPU
		{D1765EBC-1F78-4AD8-BB61-BC39F89C19BB}.Release|Any CPU.ActiveCfg = Release|Any CPU
		{D1765EBC-1F78-4AD8-BB61-BC39F89C19BB}.Release|Any CPU.Build.0 = Release|Any CPU
		{A2F26074-AB2D-4C5D-900E-A0F2010C1537}.Debug|Any CPU.ActiveCfg = Debug|Any CPU
		{A2F26074-AB2D-4C5D-900E-A0F2010C1537}.Debug|Any CPU.Build.0 = Debug|Any CPU
		{A2F26074-AB2D-4C5D-900E-A0F2010C1537}.Release|Any CPU.ActiveCfg = Release|Any CPU
		{A2F26074-AB2D-4C5D-900E-A0F2010C1537}.Release|Any CPU.Build.0 = Release|Any CPU
		{6F7DA523-A6D5-4801-B0D8-03D8A794BFFD}.Debug|Any CPU.ActiveCfg = Debug|Any CPU
		{6F7DA523-A6D5-4801-B0D8-03D8A794BFFD}.Debug|Any CPU.Build.0 = Debug|Any CPU
		{6F7DA523-A6D5-4801-B0D8-03D8A794BFFD}.Release|Any CPU.ActiveCfg = Release|Any CPU
		{6F7DA523-A6D5-4801-B0D8-03D8A794BFFD}.Release|Any CPU.Build.0 = Release|Any CPU
		{691E8DAE-9EE4-4529-A19E-BAC9002B45DA}.Debug|Any CPU.ActiveCfg = Debug|Any CPU
		{691E8DAE-9EE4-4529-A19E-BAC9002B45DA}.Debug|Any CPU.Build.0 = Debug|Any CPU
		{691E8DAE-9EE4-4529-A19E-BAC9002B45DA}.Release|Any CPU.ActiveCfg = Release|Any CPU
		{691E8DAE-9EE4-4529-A19E-BAC9002B45DA}.Release|Any CPU.Build.0 = Release|Any CPU
		{C82C08D4-C8AB-441F-8449-F63D4D1D4251}.Debug|Any CPU.ActiveCfg = Debug|Any CPU
		{C82C08D4-C8AB-441F-8449-F63D4D1D4251}.Debug|Any CPU.Build.0 = Debug|Any CPU
		{C82C08D4-C8AB-441F-8449-F63D4D1D4251}.Release|Any CPU.ActiveCfg = Release|Any CPU
		{C82C08D4-C8AB-441F-8449-F63D4D1D4251}.Release|Any CPU.Build.0 = Release|Any CPU
	EndGlobalSection
	GlobalSection(SolutionProperties) = preSolution
		HideSolutionNode = FALSE
	EndGlobalSection
	GlobalSection(NestedProjects) = preSolution
		{3A6B6F4B-F414-4A16-8BCF-A78DFB02F12B} = {5CFEC933-F139-49D1-8AF9-8445DC2495A7}
		{ECC1D1FE-0CF4-4A92-9A86-CB9DC5B40A7C} = {4C777A61-354C-416F-AA8F-5D7CACE3B582}
		{CA1959CE-6A1D-4BC2-A697-666696ADD306} = {245E8668-D7A7-4DF6-B9B8-3D3B5BECE924}
		{D1765EBC-1F78-4AD8-BB61-BC39F89C19BB} = {245E8668-D7A7-4DF6-B9B8-3D3B5BECE924}
		{A2F26074-AB2D-4C5D-900E-A0F2010C1537} = {3EFE689E-C41F-4DF5-920C-0E6281CBBEAA}
		{6F7DA523-A6D5-4801-B0D8-03D8A794BFFD} = {44014074-1A5A-449B-AC6F-097A94A40E42}
		{691E8DAE-9EE4-4529-A19E-BAC9002B45DA} = {CE491509-5ECA-4684-9EF2-6540E34EC34D}
		{C82C08D4-C8AB-441F-8449-F63D4D1D4251} = {5CFEC933-F139-49D1-8AF9-8445DC2495A7}
	EndGlobalSection
EndGlobal
